
Microsoft Visual Studio Solution File, Format Version 12.00
# Visual Studio Version 17
VisualStudioVersion = 17.0.31606.5
MinimumVisualStudioVersion = 10.0.40219.1
Project("{FAE04EC0-301F-11D3-BF4B-00C04F79EFBC}") = "TraditionalBowlingScoreSystem", "TraditionalBowlingAPI\TraditionalBowlingAPI.csproj", "{BC6BC766-91D1-4748-B392-6082305BDF9D}"
EndProject
Project("{FAE04EC0-301F-11D3-BF4B-00C04F79EFBC}") = "TraditionalBowlingServices", "TraditionalBowlingServices\TraditionalBowlingServices.csproj", "{AE16E439-3750-4159-B282-3D1DCCE9A5EC}"
EndProject
Global
	GlobalSection(SolutionConfigurationPlatforms) = preSolution
		Debug|Any CPU = Debug|Any CPU
		Release|Any CPU = Release|Any CPU
	EndGlobalSection
	GlobalSection(ProjectConfigurationPlatforms) = postSolution
		{BC6BC766-91D1-4748-B392-6082305BDF9D}.Debug|Any CPU.ActiveCfg = Debug|Any CPU
		{BC6BC766-91D1-4748-B392-6082305BDF9D}.Debug|Any CPU.Build.0 = Debug|Any CPU
		{BC6BC766-91D1-4748-B392-6082305BDF9D}.Release|Any CPU.ActiveCfg = Release|Any CPU
		{BC6BC766-91D1-4748-B392-6082305BDF9D}.Release|Any CPU.Build.0 = Release|Any CPU
		{AE16E439-3750-4159-B282-3D1DCCE9A5EC}.Debug|Any CPU.ActiveCfg = Debug|Any CPU
		{AE16E439-3750-4159-B282-3D1DCCE9A5EC}.Debug|Any CPU.Build.0 = Debug|Any CPU
		{AE16E439-3750-4159-B282-3D1DCCE9A5EC}.Release|Any CPU.ActiveCfg = Release|Any CPU
		{AE16E439-3750-4159-B282-3D1DCCE9A5EC}.Release|Any CPU.Build.0 = Release|Any CPU
	EndGlobalSection
	GlobalSection(SolutionProperties) = preSolution
		HideSolutionNode = FALSE
	EndGlobalSection
	GlobalSection(ExtensibilityGlobals) = postSolution
		SolutionGuid = {177F6F52-A433-475F-B3D6-07A530EC2CD3}
	EndGlobalSection
EndGlobal
